{
  "originHash" : "8c0eed03ec92f203c8b6bf70560fe7fef8055307088783791190d113bfe94485",
  "pins" : [
    {
      "identity" : "slashcommands",
      "kind" : "remoteSourceControl",
      "location" : "https://github.com/MiaKoring/SlashCommands.git",
      "state" : {
        "branch" : "main",
        "revision" : "0918aecbfc492ef46eddab657e736c40d4bc3ae9"
      }
    }
  ],
  "version" : 3
}
